
Microsoft Visual Studio Solution File, Format Version 12.00
# Visual Studio Version 17
VisualStudioVersion = 17.14.36414.22 d17.14
MinimumVisualStudioVersion = 10.0.40219.1
Project("{FAE04EC0-301F-11D3-BF4B-00C04F79EFBC}") = "HotelListing.Api", "HotelListing.Api\HotelListing.Api.csproj", "{39A6BAB2-80EB-4AF0-ABB6-D28FDE61007F}"
EndProject
Global
	GlobalSection(SolutionConfigurationPlatforms) = preSolution
		Debug|Any CPU = Debug|Any CPU
		Release|Any CPU = Release|Any CPU
	EndGlobalSection
	GlobalSection(ProjectConfigurationPlatforms) = postSolution
		{39A6BAB2-80EB-4AF0-ABB6-D28FDE61007F}.Debug|Any CPU.ActiveCfg = Debug|Any CPU
		{39A6BAB2-80EB-4AF0-ABB6-D28FDE61007F}.Debug|Any CPU.Build.0 = Debug|Any CPU
		{39A6BAB2-80EB-4AF0-ABB6-D28FDE61007F}.Release|Any CPU.ActiveCfg = Release|Any CPU
		{39A6BAB2-80EB-4AF0-ABB6-D28FDE61007F}.Release|Any CPU.Build.0 = Release|Any CPU
	EndGlobalSection
	GlobalSection(SolutionProperties) = preSolution
		HideSolutionNode = FALSE
	EndGlobalSection
	GlobalSection(ExtensibilityGlobals) = postSolution
		SolutionGuid = {ACE69531-4B40-4746-A535-3F777D76CCFB}
	EndGlobalSection
EndGlobal
